
Microsoft Visual Studio Solution File, Format Version 12.00
# Visual Studio 14
VisualStudioVersion = 14.0.25420.1
MinimumVisualStudioVersion = 10.0.40219.1
Project("{FAE04EC0-301F-11D3-BF4B-00C04F79EFBC}") = "AlarmClock", "AlarmClock\AlarmClock.csproj", "{46DEE237-0C98-47A4-82C8-3FF7266FF9AA}"
EndProject
Global
	GlobalSection(SolutionConfigurationPlatforms) = preSolution
		Debug|Any CPU = Debug|Any CPU
		Release|Any CPU = Release|Any CPU
	EndGlobalSection
	GlobalSection(ProjectConfigurationPlatforms) = postSolution
		{46DEE237-0C98-47A4-82C8-3FF7266FF9AA}.Debug|Any CPU.ActiveCfg = Debug|Any CPU
		{46DEE237-0C98-47A4-82C8-3FF7266FF9AA}.Debug|Any CPU.Build.0 = Debug|Any CPU
		{46DEE237-0C98-47A4-82C8-3FF7266FF9AA}.Release|Any CPU.ActiveCfg = Release|Any CPU
		{46DEE237-0C98-47A4-82C8-3FF7266FF9AA}.Release|Any CPU.Build.0 = Release|Any CPU
	EndGlobalSection
	GlobalSection(SolutionProperties) = preSolution
		HideSolutionNode = FALSE
	EndGlobalSection
	GlobalSection(ExtensibilityGlobals) = postSolution
		SolutionGuid = {25E759ED-3551-4813-90B7-96749C2E34CE}
	EndGlobalSection
EndGlobal
